
Microsoft Visual Studio Solution File, Format Version 12.00
# Visual Studio Version 17
VisualStudioVersion = 17.0.31903.59
MinimumVisualStudioVersion = 10.0.40219.1
Project("{FAE04EC0-301F-11D3-BF4B-00C04F79EFBC}") = "ClipDesk", "ClipDesk.csproj", "{2296D933-54B4-4AA1-9043-F3BDF26E7B51}"
EndProject
Project("{2150E333-8FDC-42A3-9474-1A3956D46DE8}") = "Core", "Core", "{FBF56CC3-7AE6-AD2D-3F14-7F97FD322CD6}"
EndProject
Project("{FAE04EC0-301F-11D3-BF4B-00C04F79EFBC}") = "ClipDesk.Core", "Core\ClipDesk.Core.csproj", "{16A7764E-F0A2-4DC3-BA4B-F491E11EA752}"
EndProject
Project("{2150E333-8FDC-42A3-9474-1A3956D46DE8}") = "Tests", "Tests", "{0AB3BF05-4346-4AA6-1389-037BE0695223}"
EndProject
Project("{FAE04EC0-301F-11D3-BF4B-00C04F79EFBC}") = "ClipDesk.Core.Checks", "Tests\ClipDesk.Core.Checks.csproj", "{0A07C052-8BFC-4767-A271-900258502C96}"
EndProject
Project("{2150E333-8FDC-42A3-9474-1A3956D46DE8}") = "Updater", "Updater", "{E4D06EF3-4A34-0221-57B6-390073E3859C}"
EndProject
Project("{FAE04EC0-301F-11D3-BF4B-00C04F79EFBC}") = "ClipDesk.Updater", "Updater\ClipDesk.Updater.csproj", "{9D8043D2-B0C1-418C-96FC-F2054EDC4985}"
EndProject
Project("{2150E333-8FDC-42A3-9474-1A3956D46DE8}") = "Server", "Server", "{DAD03CFC-D5FA-AC94-41C7-9ABAB326F09E}"
EndProject
Project("{FAE04EC0-301F-11D3-BF4B-00C04F79EFBC}") = "ClipDesk.Server", "Server\ClipDesk.Server.csproj", "{BECB4970-F47B-4355-835A-32CC2CBF62F8}"
EndProject
Project("{2150E333-8FDC-42A3-9474-1A3956D46DE8}") = "Cloud", "Cloud", "{51D118FF-858E-94FC-3B67-3EC5555141B7}"
EndProject
Project("{FAE04EC0-301F-11D3-BF4B-00C04F79EFBC}") = "ClipDesk.Cloud.Checks", "Tests\Cloud\ClipDesk.Cloud.Checks.csproj", "{DB57FE10-7AEA-4C00-94A1-E98D571D7C82}"
EndProject
Project("{2150E333-8FDC-42A3-9474-1A3956D46DE8}") = "Visual", "Visual", "{E90DD2D4-2A28-9A47-DE34-C4C27FCEB5AC}"
EndProject
Project("{FAE04EC0-301F-11D3-BF4B-00C04F79EFBC}") = "ClipDesk.Visual.Checks", "Tests\Visual\ClipDesk.Visual.Checks.csproj", "{FE5A0BD1-1BB5-4135-AADC-2EF31C726093}"
EndProject
Global
	GlobalSection(SolutionConfigurationPlatforms) = preSolution
		Debug|Any CPU = Debug|Any CPU
		Debug|x64 = Debug|x64
		Debug|x86 = Debug|x86
		Release|Any CPU = Release|Any CPU
		Release|x64 = Release|x64
		Release|x86 = Release|x86
	EndGlobalSection
	GlobalSection(ProjectConfigurationPlatforms) = postSolution
		{2296D933-54B4-4AA1-9043-F3BDF26E7B51}.Debug|Any CPU.ActiveCfg = Debug|Any CPU
		{2296D933-54B4-4AA1-9043-F3BDF26E7B51}.Debug|Any CPU.Build.0 = Debug|Any CPU
		{2296D933-54B4-4AA1-9043-F3BDF26E7B51}.Debug|x64.ActiveCfg = Debug|Any CPU
		{2296D933-54B4-4AA1-9043-F3BDF26E7B51}.Debug|x64.Build.0 = Debug|Any CPU
		{2296D933-54B4-4AA1-9043-F3BDF26E7B51}.Debug|x86.ActiveCfg = Debug|Any CPU
		{2296D933-54B4-4AA1-9043-F3BDF26E7B51}.Debug|x86.Build.0 = Debug|Any CPU
		{2296D933-54B4-4AA1-9043-F3BDF26E7B51}.Release|Any CPU.ActiveCfg = Release|Any CPU
		{2296D933-54B4-4AA1-9043-F3BDF26E7B51}.Release|Any CPU.Build.0 = Release|Any CPU
		{2296D933-54B4-4AA1-9043-F3BDF26E7B51}.Release|x64.ActiveCfg = Release|Any CPU
		{2296D933-54B4-4AA1-9043-F3BDF26E7B51}.Release|x64.Build.0 = Release|Any CPU
		{2296D933-54B4-4AA1-9043-F3BDF26E7B51}.Release|x86.ActiveCfg = Release|Any CPU
		{2296D933-54B4-4AA1-9043-F3BDF26E7B51}.Release|x86.Build.0 = Release|Any CPU
		{16A7764E-F0A2-4DC3-BA4B-F491E11EA752}.Debug|Any CPU.ActiveCfg = Debug|Any CPU
		{16A7764E-F0A2-4DC3-BA4B-F491E11EA752}.Debug|Any CPU.Build.0 = Debug|Any CPU
		{16A7764E-F0A2-4DC3-BA4B-F491E11EA752}.Debug|x64.ActiveCfg = Debug|Any CPU
		{16A7764E-F0A2-4DC3-BA4B-F491E11EA752}.Debug|x64.Build.0 = Debug|Any CPU
		{16A7764E-F0A2-4DC3-BA4B-F491E11EA752}.Debug|x86.ActiveCfg = Debug|Any CPU
		{16A7764E-F0A2-4DC3-BA4B-F491E11EA752}.Debug|x86.Build.0 = Debug|Any CPU
		{16A7764E-F0A2-4DC3-BA4B-F491E11EA752}.Release|Any CPU.ActiveCfg = Release|Any CPU
		{16A7764E-F0A2-4DC3-BA4B-F491E11EA752}.Release|Any CPU.Build.0 = Release|Any CPU
		{16A7764E-F0A2-4DC3-BA4B-F491E11EA752}.Release|x64.ActiveCfg = Release|Any CPU
		{16A7764E-F0A2-4DC3-BA4B-F491E11EA752}.Release|x64.Build.0 = Release|Any CPU
		{16A7764E-F0A2-4DC3-BA4B-F491E11EA752}.Release|x86.ActiveCfg = Release|Any CPU
		{16A7764E-F0A2-4DC3-BA4B-F491E11EA752}.Release|x86.Build.0 = Release|Any CPU
		{0A07C052-8BFC-4767-A271-900258502C96}.Debug|Any CPU.ActiveCfg = Debug|Any CPU
		{0A07C052-8BFC-4767-A271-900258502C96}.Debug|Any CPU.Build.0 = Debug|Any CPU
		{0A07C052-8BFC-4767-A271-900258502C96}.Debug|x64.ActiveCfg = Debug|Any CPU
		{0A07C052-8BFC-4767-A271-900258502C96}.Debug|x64.Build.0 = Debug|Any CPU
		{0A07C052-8BFC-4767-A271-900258502C96}.Debug|x86.ActiveCfg = Debug|Any CPU
		{0A07C052-8BFC-4767-A271-900258502C96}.Debug|x86.Build.0 = Debug|Any CPU
		{0A07C052-8BFC-4767-A271-900258502C96}.Release|Any CPU.ActiveCfg = Release|Any CPU
		{0A07C052-8BFC-4767-A271-900258502C96}.Release|Any CPU.Build.0 = Release|Any CPU
		{0A07C052-8BFC-4767-A271-900258502C96}.Release|x64.ActiveCfg = Release|Any CPU
		{0A07C052-8BFC-4767-A271-900258502C96}.Release|x64.Build.0 = Release|Any CPU
		{0A07C052-8BFC-4767-A271-900258502C96}.Release|x86.ActiveCfg = Release|Any CPU
		{0A07C052-8BFC-4767-A271-900258502C96}.Release|x86.Build.0 = Release|Any CPU
		{9D8043D2-B0C1-418C-96FC-F2054EDC4985}.Debug|Any CPU.ActiveCfg = Debug|Any CPU
		{9D8043D2-B0C1-418C-96FC-F2054EDC4985}.Debug|Any CPU.Build.0 = Debug|Any CPU
		{9D8043D2-B0C1-418C-96FC-F2054EDC4985}.Debug|x64.ActiveCfg = Debug|Any CPU
		{9D8043D2-B0C1-418C-96FC-F2054EDC4985}.Debug|x64.Build.0 = Debug|Any CPU
		{9D8043D2-B0C1-418C-96FC-F2054EDC4985}.Debug|x86.ActiveCfg = Debug|Any CPU
		{9D8043D2-B0C1-418C-96FC-F2054EDC4985}.Debug|x86.Build.0 = Debug|Any CPU
		{9D8043D2-B0C1-418C-96FC-F2054EDC4985}.Release|Any CPU.ActiveCfg = Release|Any CPU
		{9D8043D2-B0C1-418C-96FC-F2054EDC4985}.Release|Any CPU.Build.0 = Release|Any CPU
		{9D8043D2-B0C1-418C-96FC-F2054EDC4985}.Release|x64.ActiveCfg = Release|Any CPU
		{9D8043D2-B0C1-418C-96FC-F2054EDC4985}.Release|x64.Build.0 = Release|Any CPU
		{9D8043D2-B0C1-418C-96FC-F2054EDC4985}.Release|x86.ActiveCfg = Release|Any CPU
		{9D8043D2-B0C1-418C-96FC-F2054EDC4985}.Release|x86.Build.0 = Release|Any CPU
		{BECB4970-F47B-4355-835A-32CC2CBF62F8}.Debug|Any CPU.ActiveCfg = Debug|Any CPU
		{BECB4970-F47B-4355-835A-32CC2CBF62F8}.Debug|Any CPU.Build.0 = Debug|Any CPU
		{BECB4970-F47B-4355-835A-32CC2CBF62F8}.Debug|x64.ActiveCfg = Debug|Any CPU
		{BECB4970-F47B-4355-835A-32CC2CBF62F8}.Debug|x64.Build.0 = Debug|Any CPU
		{BECB4970-F47B-4355-835A-32CC2CBF62F8}.Debug|x86.ActiveCfg = Debug|Any CPU
		{BECB4970-F47B-4355-835A-32CC2CBF62F8}.Debug|x86.Build.0 = Debug|Any CPU
		{BECB4970-F47B-4355-835A-32CC2CBF62F8}.Release|Any CPU.ActiveCfg = Release|Any CPU
		{BECB4970-F47B-4355-835A-32CC2CBF62F8}.Release|Any CPU.Build.0 = Release|Any CPU
		{BECB4970-F47B-4355-835A-32CC2CBF62F8}.Release|x64.ActiveCfg = Release|Any CPU
		{BECB4970-F47B-4355-835A-32CC2CBF62F8}.Release|x64.Build.0 = Release|Any CPU
		{BECB4970-F47B-4355-835A-32CC2CBF62F8}.Release|x86.ActiveCfg = Release|Any CPU
		{BECB4970-F47B-4355-835A-32CC2CBF62F8}.Release|x86.Build.0 = Release|Any CPU
		{DB57FE10-7AEA-4C00-94A1-E98D571D7C82}.Debug|Any CPU.ActiveCfg = Debug|Any CPU
		{DB57FE10-7AEA-4C00-94A1-E98D571D7C82}.Debug|Any CPU.Build.0 = Debug|Any CPU
		{DB57FE10-7AEA-4C00-94A1-E98D571D7C82}.Debug|x64.ActiveCfg = Debug|Any CPU
		{DB57FE10-7AEA-4C00-94A1-E98D571D7C82}.Debug|x64.Build.0 = Debug|Any CPU
		{DB57FE10-7AEA-4C00-94A1-E98D571D7C82}.Debug|x86.ActiveCfg = Debug|Any CPU
		{DB57FE10-7AEA-4C00-94A1-E98D571D7C82}.Debug|x86.Build.0 = Debug|Any CPU
		{DB57FE10-7AEA-4C00-94A1-E98D571D7C82}.Release|Any CPU.ActiveCfg = Release|Any CPU
		{DB57FE10-7AEA-4C00-94A1-E98D571D7C82}.Release|Any CPU.Build.0 = Release|Any CPU
		{DB57FE10-7AEA-4C00-94A1-E98D571D7C82}.Release|x64.ActiveCfg = Release|Any CPU
		{DB57FE10-7AEA-4C00-94A1-E98D571D7C82}.Release|x64.Build.0 = Release|Any CPU
		{DB57FE10-7AEA-4C00-94A1-E98D571D7C82}.Release|x86.ActiveCfg = Release|Any CPU
		{DB57FE10-7AEA-4C00-94A1-E98D571D7C82}.Release|x86.Build.0 = Release|Any CPU
		{FE5A0BD1-1BB5-4135-AADC-2EF31C726093}.Debug|Any CPU.ActiveCfg = Debug|Any CPU
		{FE5A0BD1-1BB5-4135-AADC-2EF31C726093}.Debug|Any CPU.Build.0 = Debug|Any CPU
		{FE5A0BD1-1BB5-4135-AADC-2EF31C726093}.Debug|x64.ActiveCfg = Debug|Any CPU
		{FE5A0BD1-1BB5-4135-AADC-2EF31C726093}.Debug|x64.Build.0 = Debug|Any CPU
		{FE5A0BD1-1BB5-4135-AADC-2EF31C726093}.Debug|x86.ActiveCfg = Debug|Any CPU
		{FE5A0BD1-1BB5-4135-AADC-2EF31C726093}.Debug|x86.Build.0 = Debug|Any CPU
		{FE5A0BD1-1BB5-4135-AADC-2EF31C726093}.Release|Any CPU.ActiveCfg = Release|Any CPU
		{FE5A0BD1-1BB5-4135-AADC-2EF31C726093}.Release|Any CPU.Build.0 = Release|Any CPU
		{FE5A0BD1-1BB5-4135-AADC-2EF31C726093}.Release|x64.ActiveCfg = Release|Any CPU
		{FE5A0BD1-1BB5-4135-AADC-2EF31C726093}.Release|x64.Build.0 = Release|Any CPU
		{FE5A0BD1-1BB5-4135-AADC-2EF31C726093}.Release|x86.ActiveCfg = Release|Any CPU
		{FE5A0BD1-1BB5-4135-AADC-2EF31C726093}.Release|x86.Build.0 = Release|Any CPU
	EndGlobalSection
	GlobalSection(SolutionProperties) = preSolution
		HideSolutionNode = FALSE
	EndGlobalSection
	GlobalSection(NestedProjects) = preSolution
		{16A7764E-F0A2-4DC3-BA4B-F491E11EA752} = {FBF56CC3-7AE6-AD2D-3F14-7F97FD322CD6}
		{0A07C052-8BFC-4767-A271-900258502C96} = {0AB3BF05-4346-4AA6-1389-037BE0695223}
		{9D8043D2-B0C1-418C-96FC-F2054EDC4985} = {E4D06EF3-4A34-0221-57B6-390073E3859C}
		{BECB4970-F47B-4355-835A-32CC2CBF62F8} = {DAD03CFC-D5FA-AC94-41C7-9ABAB326F09E}
		{51D118FF-858E-94FC-3B67-3EC5555141B7} = {0AB3BF05-4346-4AA6-1389-037BE0695223}
		{DB57FE10-7AEA-4C00-94A1-E98D571D7C82} = {51D118FF-858E-94FC-3B67-3EC5555141B7}
		{E90DD2D4-2A28-9A47-DE34-C4C27FCEB5AC} = {0AB3BF05-4346-4AA6-1389-037BE0695223}
		{FE5A0BD1-1BB5-4135-AADC-2EF31C726093} = {E90DD2D4-2A28-9A47-DE34-C4C27FCEB5AC}
	EndGlobalSection
EndGlobal
